
Microsoft Visual Studio Solution File, Format Version 12.00
# Visual Studio Version 17
VisualStudioVersion = 17.12.35707.178
MinimumVisualStudioVersion = 10.0.40219.1
Project("{FAE04EC0-301F-11D3-BF4B-00C04F79EFBC}") = "Berrevoets.MedicationManager.AppHost", "Berrevoets.MedicationManager.AppHost\Berrevoets.MedicationManager.AppHost.csproj", "{CFD95CBB-8944-47EF-80D9-98509408C503}"
EndProject
Project("{FAE04EC0-301F-11D3-BF4B-00C04F79EFBC}") = "Berrevoets.MedicationManager.ServiceDefaults", "Berrevoets.MedicationManager.ServiceDefaults\Berrevoets.MedicationManager.ServiceDefaults.csproj", "{676FCDD6-C93A-4030-A365-8FEA98F35F72}"
EndProject
Project("{2150E333-8FDC-42A3-9474-1A3956D46DE8}") = "Aspire", "Aspire", "{796645A7-0086-480B-A09D-5D50E57B8C65}"
EndProject
Project("{2150E333-8FDC-42A3-9474-1A3956D46DE8}") = "MicroServices", "MicroServices", "{74F20B3A-BDE1-44E9-81C3-A9D60E5BF55D}"
EndProject
Project("{2150E333-8FDC-42A3-9474-1A3956D46DE8}") = "MedicationService", "MedicationService", "{D47B4B0D-6652-4DF7-B993-13C11764DAB3}"
EndProject
Project("{2150E333-8FDC-42A3-9474-1A3956D46DE8}") = "NotificationService", "NotificationService", "{F97220F9-0BB8-4B6C-8A2B-45C60B5FF6E2}"
EndProject
Project("{2150E333-8FDC-42A3-9474-1A3956D46DE8}") = "UserService", "UserService", "{276C4199-BB02-4AC9-98A2-EDB978385E3D}"
EndProject
Project("{FAE04EC0-301F-11D3-BF4B-00C04F79EFBC}") = "MedicationService.Tests", "MedicationService.Tests\MedicationService.Tests.csproj", "{D2C6FDCC-75E2-4B37-A59B-31B0F2238C1B}"
EndProject
Project("{FAE04EC0-301F-11D3-BF4B-00C04F79EFBC}") = "NotificationService.Tests", "NotificationService.Tests\NotificationService.Tests.csproj", "{CA2DDD81-42D1-44CE-8A0B-6B392B9AC735}"
EndProject
Project("{FAE04EC0-301F-11D3-BF4B-00C04F79EFBC}") = "UserService.Tests", "UserService.Tests\UserService.Tests.csproj", "{FF6FE1DF-FEBA-4EC0-9C49-46209A837B4C}"
EndProject
Project("{FAE04EC0-301F-11D3-BF4B-00C04F79EFBC}") = "MedicationService", "MedicationService\MedicationService.csproj", "{1C576068-EF76-4406-8DEA-D325ABDD186D}"
EndProject
Project("{FAE04EC0-301F-11D3-BF4B-00C04F79EFBC}") = "NotificationService", "NotificationService\NotificationService.csproj", "{DDF85795-CA71-4D83-92ED-2B5242B8292B}"
EndProject
Project("{FAE04EC0-301F-11D3-BF4B-00C04F79EFBC}") = "UserService", "UserService\UserService.csproj", "{58DAB09D-FC5C-4305-B836-47446D5E449A}"
EndProject
Global
	GlobalSection(SolutionConfigurationPlatforms) = preSolution
		Debug|Any CPU = Debug|Any CPU
		Release|Any CPU = Release|Any CPU
	EndGlobalSection
	GlobalSection(ProjectConfigurationPlatforms) = postSolution
		{CFD95CBB-8944-47EF-80D9-98509408C503}.Debug|Any CPU.ActiveCfg = Debug|Any CPU
		{CFD95CBB-8944-47EF-80D9-98509408C503}.Debug|Any CPU.Build.0 = Debug|Any CPU
		{CFD95CBB-8944-47EF-80D9-98509408C503}.Release|Any CPU.ActiveCfg = Release|Any CPU
		{CFD95CBB-8944-47EF-80D9-98509408C503}.Release|Any CPU.Build.0 = Release|Any CPU
		{676FCDD6-C93A-4030-A365-8FEA98F35F72}.Debug|Any CPU.ActiveCfg = Debug|Any CPU
		{676FCDD6-C93A-4030-A365-8FEA98F35F72}.Debug|Any CPU.Build.0 = Debug|Any CPU
		{676FCDD6-C93A-4030-A365-8FEA98F35F72}.Release|Any CPU.ActiveCfg = Release|Any CPU
		{676FCDD6-C93A-4030-A365-8FEA98F35F72}.Release|Any CPU.Build.0 = Release|Any CPU
		{D2C6FDCC-75E2-4B37-A59B-31B0F2238C1B}.Debug|Any CPU.ActiveCfg = Debug|Any CPU
		{D2C6FDCC-75E2-4B37-A59B-31B0F2238C1B}.Debug|Any CPU.Build.0 = Debug|Any CPU
		{D2C6FDCC-75E2-4B37-A59B-31B0F2238C1B}.Release|Any CPU.ActiveCfg = Release|Any CPU
		{D2C6FDCC-75E2-4B37-A59B-31B0F2238C1B}.Release|Any CPU.Build.0 = Release|Any CPU
		{CA2DDD81-42D1-44CE-8A0B-6B392B9AC735}.Debug|Any CPU.ActiveCfg = Debug|Any CPU
		{CA2DDD81-42D1-44CE-8A0B-6B392B9AC735}.Debug|Any CPU.Build.0 = Debug|Any CPU
		{CA2DDD81-42D1-44CE-8A0B-6B392B9AC735}.Release|Any CPU.ActiveCfg = Release|Any CPU
		{CA2DDD81-42D1-44CE-8A0B-6B392B9AC735}.Release|Any CPU.Build.0 = Release|Any CPU
		{FF6FE1DF-FEBA-4EC0-9C49-46209A837B4C}.Debug|Any CPU.ActiveCfg = Debug|Any CPU
		{FF6FE1DF-FEBA-4EC0-9C49-46209A837B4C}.Debug|Any CPU.Build.0 = Debug|Any CPU
		{FF6FE1DF-FEBA-4EC0-9C49-46209A837B4C}.Release|Any CPU.ActiveCfg = Release|Any CPU
		{FF6FE1DF-FEBA-4EC0-9C49-46209A837B4C}.Release|Any CPU.Build.0 = Release|Any CPU
		{1C576068-EF76-4406-8DEA-D325ABDD186D}.Debug|Any CPU.ActiveCfg = Debug|Any CPU
		{1C576068-EF76-4406-8DEA-D325ABDD186D}.Debug|Any CPU.Build.0 = Debug|Any CPU
		{1C576068-EF76-4406-8DEA-D325ABDD186D}.Release|Any CPU.ActiveCfg = Release|Any CPU
		{1C576068-EF76-4406-8DEA-D325ABDD186D}.Release|Any CPU.Build.0 = Release|Any CPU
		{DDF85795-CA71-4D83-92ED-2B5242B8292B}.Debug|Any CPU.ActiveCfg = Debug|Any CPU
		{DDF85795-CA71-4D83-92ED-2B5242B8292B}.Debug|Any CPU.Build.0 = Debug|Any CPU
		{DDF85795-CA71-4D83-92ED-2B5242B8292B}.Release|Any CPU.ActiveCfg = Release|Any CPU
		{DDF85795-CA71-4D83-92ED-2B5242B8292B}.Release|Any CPU.Build.0 = Release|Any CPU
		{58DAB09D-FC5C-4305-B836-47446D5E449A}.Debug|Any CPU.ActiveCfg = Debug|Any CPU
		{58DAB09D-FC5C-4305-B836-47446D5E449A}.Debug|Any CPU.Build.0 = Debug|Any CPU
		{58DAB09D-FC5C-4305-B836-47446D5E449A}.Release|Any CPU.ActiveCfg = Release|Any CPU
		{58DAB09D-FC5C-4305-B836-47446D5E449A}.Release|Any CPU.Build.0 = Release|Any CPU
	EndGlobalSection
	GlobalSection(SolutionProperties) = preSolution
		HideSolutionNode = FALSE
	EndGlobalSection
	GlobalSection(NestedProjects) = preSolution
		{CFD95CBB-8944-47EF-80D9-98509408C503} = {796645A7-0086-480B-A09D-5D50E57B8C65}
		{676FCDD6-C93A-4030-A365-8FEA98F35F72} = {796645A7-0086-480B-A09D-5D50E57B8C65}
		{D47B4B0D-6652-4DF7-B993-13C11764DAB3} = {74F20B3A-BDE1-44E9-81C3-A9D60E5BF55D}
		{F97220F9-0BB8-4B6C-8A2B-45C60B5FF6E2} = {74F20B3A-BDE1-44E9-81C3-A9D60E5BF55D}
		{276C4199-BB02-4AC9-98A2-EDB978385E3D} = {74F20B3A-BDE1-44E9-81C3-A9D60E5BF55D}
		{D2C6FDCC-75E2-4B37-A59B-31B0F2238C1B} = {D47B4B0D-6652-4DF7-B993-13C11764DAB3}
		{CA2DDD81-42D1-44CE-8A0B-6B392B9AC735} = {F97220F9-0BB8-4B6C-8A2B-45C60B5FF6E2}
		{FF6FE1DF-FEBA-4EC0-9C49-46209A837B4C} = {276C4199-BB02-4AC9-98A2-EDB978385E3D}
		{1C576068-EF76-4406-8DEA-D325ABDD186D} = {D47B4B0D-6652-4DF7-B993-13C11764DAB3}
		{DDF85795-CA71-4D83-92ED-2B5242B8292B} = {F97220F9-0BB8-4B6C-8A2B-45C60B5FF6E2}
		{58DAB09D-FC5C-4305-B836-47446D5E449A} = {276C4199-BB02-4AC9-98A2-EDB978385E3D}
	EndGlobalSection
EndGlobal
